
Microsoft Visual Studio Solution File, Format Version 12.00
# Visual Studio Version 18
VisualStudioVersion = 18.6.11723.189
MinimumVisualStudioVersion = 10.0.40219.1
Project("{2150E333-8FDC-42A3-9474-1A3956D46DE8}") = "Console", "Console", "{BE573CFC-2C3A-4E47-8053-2C71E22F5349}"
EndProject
Project("{2150E333-8FDC-42A3-9474-1A3956D46DE8}") = "Wpf", "Wpf", "{4CB708B0-A726-40D4-8D39-1070DA5F5E57}"
EndProject
Project("{FAE04EC0-301F-11D3-BF4B-00C04F79EFBC}") = "Satur8.WPF", "Satur8.WPF\Satur8.WPF.csproj", "{8C4084D6-5A7B-49AA-8D4A-CB3B91DF0EBE}"
EndProject
Project("{2150E333-8FDC-42A3-9474-1A3956D46DE8}") = "Test", "Test", "{7C8EE8AA-3F56-4D1C-890E-28D3FC81B009}"
EndProject
Project("{FAE04EC0-301F-11D3-BF4B-00C04F79EFBC}") = "Satur8.Tests", "Satur8.Tests\Satur8.Tests.csproj", "{7ED6E05C-6710-4F07-A768-1B9BE2C6DB6B}"
EndProject
Project("{FAE04EC0-301F-11D3-BF4B-00C04F79EFBC}") = "Satur8.Console", "Satur8.Console\Satur8.Console.csproj", "{0D164CE2-21A9-9F2E-4688-F20EA799975A}"
EndProject
Global
	GlobalSection(SolutionConfigurationPlatforms) = preSolution
		Debug|Any CPU = Debug|Any CPU
		Release|Any CPU = Release|Any CPU
	EndGlobalSection
	GlobalSection(ProjectConfigurationPlatforms) = postSolution
		{8C4084D6-5A7B-49AA-8D4A-CB3B91DF0EBE}.Debug|Any CPU.ActiveCfg = Debug|Any CPU
		{8C4084D6-5A7B-49AA-8D4A-CB3B91DF0EBE}.Debug|Any CPU.Build.0 = Debug|Any CPU
		{8C4084D6-5A7B-49AA-8D4A-CB3B91DF0EBE}.Release|Any CPU.ActiveCfg = Release|Any CPU
		{8C4084D6-5A7B-49AA-8D4A-CB3B91DF0EBE}.Release|Any CPU.Build.0 = Release|Any CPU
		{7ED6E05C-6710-4F07-A768-1B9BE2C6DB6B}.Debug|Any CPU.ActiveCfg = Debug|Any CPU
		{7ED6E05C-6710-4F07-A768-1B9BE2C6DB6B}.Debug|Any CPU.Build.0 = Debug|Any CPU
		{7ED6E05C-6710-4F07-A768-1B9BE2C6DB6B}.Release|Any CPU.ActiveCfg = Release|Any CPU
		{7ED6E05C-6710-4F07-A768-1B9BE2C6DB6B}.Release|Any CPU.Build.0 = Release|Any CPU
		{0D164CE2-21A9-9F2E-4688-F20EA799975A}.Debug|Any CPU.ActiveCfg = Debug|Any CPU
		{0D164CE2-21A9-9F2E-4688-F20EA799975A}.Debug|Any CPU.Build.0 = Debug|Any CPU
		{0D164CE2-21A9-9F2E-4688-F20EA799975A}.Release|Any CPU.ActiveCfg = Release|Any CPU
		{0D164CE2-21A9-9F2E-4688-F20EA799975A}.Release|Any CPU.Build.0 = Release|Any CPU
	EndGlobalSection
	GlobalSection(SolutionProperties) = preSolution
		HideSolutionNode = FALSE
	EndGlobalSection
	GlobalSection(NestedProjects) = preSolution
		{8C4084D6-5A7B-49AA-8D4A-CB3B91DF0EBE} = {4CB708B0-A726-40D4-8D39-1070DA5F5E57}
		{7ED6E05C-6710-4F07-A768-1B9BE2C6DB6B} = {7C8EE8AA-3F56-4D1C-890E-28D3FC81B009}
		{0D164CE2-21A9-9F2E-4688-F20EA799975A} = {BE573CFC-2C3A-4E47-8053-2C71E22F5349}
	EndGlobalSection
	GlobalSection(ExtensibilityGlobals) = postSolution
		SolutionGuid = {ED7FF604-43CF-44FB-A934-14BA2947F967}
	EndGlobalSection
EndGlobal
