
Microsoft Visual Studio Solution File, Format Version 12.00
# Visual Studio Version 18
VisualStudioVersion = 18.6.11723.189
MinimumVisualStudioVersion = 10.0.40219.1
Project("{2150E333-8FDC-42A3-9474-1A3956D46DE8}") = "Console", "Console", "{BE573CFC-2C3A-4E47-8053-2C71E22F5349}"
EndProject
Project("{2150E333-8FDC-42A3-9474-1A3956D46DE8}") = "Test", "Test", "{7C8EE8AA-3F56-4D1C-890E-28D3FC81B009}"
EndProject
Project("{FAE04EC0-301F-11D3-BF4B-00C04F79EFBC}") = "Satur8.Tests", "Satur8.Tests\Satur8.Tests.csproj", "{7ED6E05C-6710-4F07-A768-1B9BE2C6DB6B}"
EndProject
Project("{FAE04EC0-301F-11D3-BF4B-00C04F79EFBC}") = "Satur8.Console", "Satur8.Console\Satur8.Console.csproj", "{0D164CE2-21A9-9F2E-4688-F20EA799975A}"
EndProject
Project("{2150E333-8FDC-42A3-9474-1A3956D46DE8}") = "Core", "Core", "{CE5B4DDF-E08D-4656-9F7F-B377775EF41F}"
EndProject
Project("{FAE04EC0-301F-11D3-BF4B-00C04F79EFBC}") = "Satur8.Domain", "Satur8.Domain\Satur8.Domain.csproj", "{D6B8F791-6373-495E-AE71-7C79B0EBC73C}"
EndProject
Project("{2150E333-8FDC-42A3-9474-1A3956D46DE8}") = "Infrastructure", "Infrastructure", "{61F3A7BA-0B4B-4571-975B-2E107B65782B}"
EndProject
Project("{FAE04EC0-301F-11D3-BF4B-00C04F79EFBC}") = "Satur8.CoreApplication", "Satur8.Application\Satur8.CoreApplication.csproj", "{BC00264B-9885-4224-BA31-A0523DAB2241}"
EndProject
Project("{FAE04EC0-301F-11D3-BF4B-00C04F79EFBC}") = "Satur8.Persistence", "Satur8.Persistence\Satur8.Persistence.csproj", "{AA4ED230-2836-4998-BA7C-BE1DDA0D655D}"
EndProject
Project("{2150E333-8FDC-42A3-9474-1A3956D46DE8}") = "VST", "VST", "{AFC059D6-05BE-4253-83CA-492ACCCC5598}"
EndProject
Project("{FAE04EC0-301F-11D3-BF4B-00C04F79EFBC}") = "Satur8.UI", "Satur8.UI\Satur8.UI.csproj", "{9053590F-B6F1-4A75-AFC7-51CBD5034032}"
EndProject
Global
	GlobalSection(SolutionConfigurationPlatforms) = preSolution
		Debug|Any CPU = Debug|Any CPU
		Debug|x64 = Debug|x64
		Release|Any CPU = Release|Any CPU
		Release|x64 = Release|x64
	EndGlobalSection
	GlobalSection(ProjectConfigurationPlatforms) = postSolution
		{7ED6E05C-6710-4F07-A768-1B9BE2C6DB6B}.Debug|Any CPU.ActiveCfg = Debug|Any CPU
		{7ED6E05C-6710-4F07-A768-1B9BE2C6DB6B}.Debug|Any CPU.Build.0 = Debug|Any CPU
		{7ED6E05C-6710-4F07-A768-1B9BE2C6DB6B}.Debug|x64.ActiveCfg = Debug|Any CPU
		{7ED6E05C-6710-4F07-A768-1B9BE2C6DB6B}.Debug|x64.Build.0 = Debug|Any CPU
		{7ED6E05C-6710-4F07-A768-1B9BE2C6DB6B}.Release|Any CPU.ActiveCfg = Release|Any CPU
		{7ED6E05C-6710-4F07-A768-1B9BE2C6DB6B}.Release|Any CPU.Build.0 = Release|Any CPU
		{7ED6E05C-6710-4F07-A768-1B9BE2C6DB6B}.Release|x64.ActiveCfg = Release|x64
		{7ED6E05C-6710-4F07-A768-1B9BE2C6DB6B}.Release|x64.Build.0 = Release|x64
		{0D164CE2-21A9-9F2E-4688-F20EA799975A}.Debug|Any CPU.ActiveCfg = Debug|Any CPU
		{0D164CE2-21A9-9F2E-4688-F20EA799975A}.Debug|Any CPU.Build.0 = Debug|Any CPU
		{0D164CE2-21A9-9F2E-4688-F20EA799975A}.Debug|x64.ActiveCfg = Debug|Any CPU
		{0D164CE2-21A9-9F2E-4688-F20EA799975A}.Debug|x64.Build.0 = Debug|Any CPU
		{0D164CE2-21A9-9F2E-4688-F20EA799975A}.Release|Any CPU.ActiveCfg = Release|Any CPU
		{0D164CE2-21A9-9F2E-4688-F20EA799975A}.Release|Any CPU.Build.0 = Release|Any CPU
		{0D164CE2-21A9-9F2E-4688-F20EA799975A}.Release|x64.ActiveCfg = Release|x64
		{0D164CE2-21A9-9F2E-4688-F20EA799975A}.Release|x64.Build.0 = Release|x64
		{D6B8F791-6373-495E-AE71-7C79B0EBC73C}.Debug|Any CPU.ActiveCfg = Debug|Any CPU
		{D6B8F791-6373-495E-AE71-7C79B0EBC73C}.Debug|Any CPU.Build.0 = Debug|Any CPU
		{D6B8F791-6373-495E-AE71-7C79B0EBC73C}.Debug|x64.ActiveCfg = Debug|Any CPU
		{D6B8F791-6373-495E-AE71-7C79B0EBC73C}.Debug|x64.Build.0 = Debug|Any CPU
		{D6B8F791-6373-495E-AE71-7C79B0EBC73C}.Release|Any CPU.ActiveCfg = Release|Any CPU
		{D6B8F791-6373-495E-AE71-7C79B0EBC73C}.Release|Any CPU.Build.0 = Release|Any CPU
		{D6B8F791-6373-495E-AE71-7C79B0EBC73C}.Release|x64.ActiveCfg = Release|x64
		{D6B8F791-6373-495E-AE71-7C79B0EBC73C}.Release|x64.Build.0 = Release|x64
		{BC00264B-9885-4224-BA31-A0523DAB2241}.Debug|Any CPU.ActiveCfg = Debug|Any CPU
		{BC00264B-9885-4224-BA31-A0523DAB2241}.Debug|Any CPU.Build.0 = Debug|Any CPU
		{BC00264B-9885-4224-BA31-A0523DAB2241}.Debug|x64.ActiveCfg = Debug|Any CPU
		{BC00264B-9885-4224-BA31-A0523DAB2241}.Debug|x64.Build.0 = Debug|Any CPU
		{BC00264B-9885-4224-BA31-A0523DAB2241}.Release|Any CPU.ActiveCfg = Release|Any CPU
		{BC00264B-9885-4224-BA31-A0523DAB2241}.Release|Any CPU.Build.0 = Release|Any CPU
		{BC00264B-9885-4224-BA31-A0523DAB2241}.Release|x64.ActiveCfg = Release|x64
		{BC00264B-9885-4224-BA31-A0523DAB2241}.Release|x64.Build.0 = Release|x64
		{AA4ED230-2836-4998-BA7C-BE1DDA0D655D}.Debug|Any CPU.ActiveCfg = Debug|Any CPU
		{AA4ED230-2836-4998-BA7C-BE1DDA0D655D}.Debug|Any CPU.Build.0 = Debug|Any CPU
		{AA4ED230-2836-4998-BA7C-BE1DDA0D655D}.Debug|x64.ActiveCfg = Debug|Any CPU
		{AA4ED230-2836-4998-BA7C-BE1DDA0D655D}.Debug|x64.Build.0 = Debug|Any CPU
		{AA4ED230-2836-4998-BA7C-BE1DDA0D655D}.Release|Any CPU.ActiveCfg = Release|Any CPU
		{AA4ED230-2836-4998-BA7C-BE1DDA0D655D}.Release|Any CPU.Build.0 = Release|Any CPU
		{AA4ED230-2836-4998-BA7C-BE1DDA0D655D}.Release|x64.ActiveCfg = Release|x64
		{AA4ED230-2836-4998-BA7C-BE1DDA0D655D}.Release|x64.Build.0 = Release|x64
		{9053590F-B6F1-4A75-AFC7-51CBD5034032}.Debug|Any CPU.ActiveCfg = Debug|Any CPU
		{9053590F-B6F1-4A75-AFC7-51CBD5034032}.Debug|Any CPU.Build.0 = Debug|Any CPU
		{9053590F-B6F1-4A75-AFC7-51CBD5034032}.Debug|x64.ActiveCfg = Debug|x64
		{9053590F-B6F1-4A75-AFC7-51CBD5034032}.Debug|x64.Build.0 = Debug|x64
		{9053590F-B6F1-4A75-AFC7-51CBD5034032}.Release|Any CPU.ActiveCfg = Release|Any CPU
		{9053590F-B6F1-4A75-AFC7-51CBD5034032}.Release|Any CPU.Build.0 = Release|Any CPU
		{9053590F-B6F1-4A75-AFC7-51CBD5034032}.Release|x64.ActiveCfg = Release|x64
		{9053590F-B6F1-4A75-AFC7-51CBD5034032}.Release|x64.Build.0 = Release|x64
	EndGlobalSection
	GlobalSection(SolutionProperties) = preSolution
		HideSolutionNode = FALSE
	EndGlobalSection
	GlobalSection(NestedProjects) = preSolution
		{7ED6E05C-6710-4F07-A768-1B9BE2C6DB6B} = {7C8EE8AA-3F56-4D1C-890E-28D3FC81B009}
		{0D164CE2-21A9-9F2E-4688-F20EA799975A} = {BE573CFC-2C3A-4E47-8053-2C71E22F5349}
		{D6B8F791-6373-495E-AE71-7C79B0EBC73C} = {CE5B4DDF-E08D-4656-9F7F-B377775EF41F}
		{BC00264B-9885-4224-BA31-A0523DAB2241} = {CE5B4DDF-E08D-4656-9F7F-B377775EF41F}
		{AA4ED230-2836-4998-BA7C-BE1DDA0D655D} = {61F3A7BA-0B4B-4571-975B-2E107B65782B}
		{9053590F-B6F1-4A75-AFC7-51CBD5034032} = {AFC059D6-05BE-4253-83CA-492ACCCC5598}
	EndGlobalSection
	GlobalSection(ExtensibilityGlobals) = postSolution
		SolutionGuid = {ED7FF604-43CF-44FB-A934-14BA2947F967}
	EndGlobalSection
EndGlobal
